// !$*UTF8*$!
{
	archiveVersion = 1;
	classes = {
	};
	objectVersion = 50;
	objects = {

/* Begin PBXBuildFile section */
		1101C6EB2242AF07007C4F26 /* AppDelegate.m in Sources */ = {isa = PBXBuildFile; fileRef = 1101C6EA2242AF07007C4F26 /* AppDelegate.m */; };
		1101C6F42242AF07007C4F26 /* App7RememberAll.xcdatamodeld in Sources */ = {isa = PBXBuildFile; fileRef = 1101C6F22242AF07007C4F26 /* App7RememberAll.xcdatamodeld */; };
		1101C6F62242AF08007C4F26 /* Assets.xcassets in Resources */ = {isa = PBXBuildFile; fileRef = 1101C6F52242AF08007C4F26 /* Assets.xcassets */; };
		1101C6F92242AF08007C4F26 /* LaunchScreen.storyboard in Resources */ = {isa = PBXBuildFile; fileRef = 1101C6F72242AF08007C4F26 /* LaunchScreen.storyboard */; };
		1101C6FC2242AF08007C4F26 /* main.m in Sources */ = {isa = PBXBuildFile; fileRef = 1101C6FB2242AF08007C4F26 /* main.m */; };
		111F3FAE22A183BD0054F550 /* ASRDataManagerTests.m in Sources */ = {isa = PBXBuildFile; fileRef = 111F3FAD22A183BD0054F550 /* ASRDataManagerTests.m */; };
		111F3FB022A184380054F550 /* ASRGalleryViewControllerTests.m in Sources */ = {isa = PBXBuildFile; fileRef = 111F3FAF22A184370054F550 /* ASRGalleryViewControllerTests.m */; };
		1193511422944E5E002AA10D /* ASRUtils.m in Sources */ = {isa = PBXBuildFile; fileRef = 1193511322944E5E002AA10D /* ASRUtils.m */; };
		11BEFEE322A59EE9005718CE /* libOCMock.a in Frameworks */ = {isa = PBXBuildFile; fileRef = 11BEFEE222A59EE9005718CE /* libOCMock.a */; };
		11BEFEE622A6D3B9005718CE /* ASRMockURLProtocol.m in Sources */ = {isa = PBXBuildFile; fileRef = 11BEFEE522A6D3B9005718CE /* ASRMockURLProtocol.m */; };
		B21250298E5238D21229FB96 /* ASRDataManager.m in Sources */ = {isa = PBXBuildFile; fileRef = B21253095397F59FB46406E3 /* ASRDataManager.m */; };
		B212577C4AF07F1B960E3866 /* ASRPreviewViewControllerTests.m in Sources */ = {isa = PBXBuildFile; fileRef = B2125FF727BFB888A0872F6A /* ASRPreviewViewControllerTests.m */; };
		B2125A7002FAD4F575BBE26C /* ASRPreviewViewController.m in Sources */ = {isa = PBXBuildFile; fileRef = B2125B3111A9EFBB2C89153C /* ASRPreviewViewController.m */; };
		B2125B0D15B24769F1813832 /* ASRItemViewCell.m in Sources */ = {isa = PBXBuildFile; fileRef = B21259A3B5E75E045245D060 /* ASRItemViewCell.m */; };
		B2125DC97BC419030826142B /* ASRGalleryViewController.m in Sources */ = {isa = PBXBuildFile; fileRef = B212513A24870D9AF46AEF1D /* ASRGalleryViewController.m */; };
/* End PBXBuildFile section */

/* Begin PBXContainerItemProxy section */
		111F3FA722A17F550054F550 /* PBXContainerItemProxy */ = {
			isa = PBXContainerItemProxy;
			containerPortal = 1101C6DE2242AF07007C4F26 /* Project object */;
			proxyType = 1;
			remoteGlobalIDString = 1101C6E52242AF07007C4F26;
			remoteInfo = App7RememberAll;
		};
/* End PBXContainerItemProxy section */

/* Begin PBXFileReference section */
		1101C6E62242AF07007C4F26 /* App7RememberAll.app */ = {isa = PBXFileReference; explicitFileType = wrapper.application; includeInIndex = 0; path = App7RememberAll.app; sourceTree = BUILT_PRODUCTS_DIR; };
		1101C6E92242AF07007C4F26 /* AppDelegate.h */ = {isa = PBXFileReference; lastKnownFileType = sourcecode.c.h; path = AppDelegate.h; sourceTree = "<group>"; };
		1101C6EA2242AF07007C4F26 /* AppDelegate.m */ = {isa = PBXFileReference; lastKnownFileType = sourcecode.c.objc; path = AppDelegate.m; sourceTree = "<group>"; };
		1101C6F32242AF07007C4F26 /* App7RememberAll.xcdatamodel */ = {isa = PBXFileReference; lastKnownFileType = wrapper.xcdatamodel; path = App7RememberAll.xcdatamodel; sourceTree = "<group>"; };
		1101C6F52242AF08007C4F26 /* Assets.xcassets */ = {isa = PBXFileReference; lastKnownFileType = folder.assetcatalog; path = Assets.xcassets; sourceTree = "<group>"; };
		1101C6F82242AF08007C4F26 /* Base */ = {isa = PBXFileReference; lastKnownFileType = file.storyboard; name = Base; path = Base.lproj/LaunchScreen.storyboard; sourceTree = "<group>"; };
		1101C6FA2242AF08007C4F26 /* Info.plist */ = {isa = PBXFileReference; lastKnownFileType = text.plist.xml; path = Info.plist; sourceTree = "<group>"; };
		1101C6FB2242AF08007C4F26 /* main.m */ = {isa = PBXFileReference; lastKnownFileType = sourcecode.c.objc; path = main.m; sourceTree = "<group>"; };
		111F3FA222A17F550054F550 /* App7RememberAllTests.xctest */ = {isa = PBXFileReference; explicitFileType = wrapper.cfbundle; includeInIndex = 0; path = App7RememberAllTests.xctest; sourceTree = BUILT_PRODUCTS_DIR; };
		111F3FA622A17F550054F550 /* Info.plist */ = {isa = PBXFileReference; lastKnownFileType = text.plist.xml; path = Info.plist; sourceTree = "<group>"; };
		111F3FAD22A183BD0054F550 /* ASRDataManagerTests.m */ = {isa = PBXFileReference; lastKnownFileType = sourcecode.c.objc; path = ASRDataManagerTests.m; sourceTree = "<group>"; };
		111F3FAF22A184370054F550 /* ASRGalleryViewControllerTests.m */ = {isa = PBXFileReference; lastKnownFileType = sourcecode.c.objc; path = ASRGalleryViewControllerTests.m; sourceTree = "<group>"; };
		1193510E22942C0D002AA10D /* ASRUtils.h */ = {isa = PBXFileReference; lastKnownFileType = sourcecode.c.h; path = ASRUtils.h; sourceTree = "<group>"; };
		1193511322944E5E002AA10D /* ASRUtils.m */ = {isa = PBXFileReference; lastKnownFileType = sourcecode.c.objc; path = ASRUtils.m; sourceTree = "<group>"; };
		119351182296E23C002AA10D /* response.h */ = {isa = PBXFileReference; lastKnownFileType = sourcecode.c.h; path = response.h; sourceTree = "<group>"; };
		11BEFEE222A59EE9005718CE /* libOCMock.a */ = {isa = PBXFileReference; lastKnownFileType = archive.ar; name = libOCMock.a; path = "OCMock/iOS library/libOCMock.a"; sourceTree = "<group>"; };
		11BEFEE422A6D3B9005718CE /* ASRMockURLProtocol.h */ = {isa = PBXFileReference; lastKnownFileType = sourcecode.c.h; path = ASRMockURLProtocol.h; sourceTree = "<group>"; };
		11BEFEE522A6D3B9005718CE /* ASRMockURLProtocol.m */ = {isa = PBXFileReference; lastKnownFileType = sourcecode.c.objc; path = ASRMockURLProtocol.m; sourceTree = "<group>"; };
		B212504D254CBC60A62E233E /* ASRDataManager.h */ = {isa = PBXFileReference; fileEncoding = 4; lastKnownFileType = sourcecode.c.h; path = ASRDataManager.h; sourceTree = "<group>"; };
		B212511688BBA2D84684B4B6 /* ASRGalleryViewController.h */ = {isa = PBXFileReference; fileEncoding = 4; lastKnownFileType = sourcecode.c.h; path = ASRGalleryViewController.h; sourceTree = "<group>"; };
		B212513A24870D9AF46AEF1D /* ASRGalleryViewController.m */ = {isa = PBXFileReference; fileEncoding = 4; lastKnownFileType = sourcecode.c.objc; path = ASRGalleryViewController.m; sourceTree = "<group>"; };
		B21253095397F59FB46406E3 /* ASRDataManager.m */ = {isa = PBXFileReference; fileEncoding = 4; lastKnownFileType = sourcecode.c.objc; path = ASRDataManager.m; sourceTree = "<group>"; };
		B21255EE1F4D9DBEB8949785 /* ASRPreviewViewController.h */ = {isa = PBXFileReference; fileEncoding = 4; lastKnownFileType = sourcecode.c.h; path = ASRPreviewViewController.h; sourceTree = "<group>"; };
		B2125949F29ACF34C3A1D204 /* ASRItemViewCell.h */ = {isa = PBXFileReference; fileEncoding = 4; lastKnownFileType = sourcecode.c.h; path = ASRItemViewCell.h; sourceTree = "<group>"; };
		B21259A3B5E75E045245D060 /* ASRItemViewCell.m */ = {isa = PBXFileReference; fileEncoding = 4; lastKnownFileType = sourcecode.c.objc; path = ASRItemViewCell.m; sourceTree = "<group>"; };
		B2125AC95DDBB29D03CD9CEB /* Config.h */ = {isa = PBXFileReference; fileEncoding = 4; lastKnownFileType = sourcecode.c.h; path = Config.h; sourceTree = "<group>"; };
		B2125B3111A9EFBB2C89153C /* ASRPreviewViewController.m */ = {isa = PBXFileReference; fileEncoding = 4; lastKnownFileType = sourcecode.c.objc; path = ASRPreviewViewController.m; sourceTree = "<group>"; };
		B2125FF727BFB888A0872F6A /* ASRPreviewViewControllerTests.m */ = {isa = PBXFileReference; fileEncoding = 4; lastKnownFileType = sourcecode.c.objc; path = ASRPreviewViewControllerTests.m; sourceTree = "<group>"; };
/* End PBXFileReference section */

/* Begin PBXFrameworksBuildPhase section */
		1101C6E32242AF07007C4F26 /* Frameworks */ = {
			isa = PBXFrameworksBuildPhase;
			buildActionMask = 2147483647;
			files = (
			);
			runOnlyForDeploymentPostprocessing = 0;
		};
		111F3F9F22A17F550054F550 /* Frameworks */ = {
			isa = PBXFrameworksBuildPhase;
			buildActionMask = 2147483647;
			files = (
				11BEFEE322A59EE9005718CE /* libOCMock.a in Frameworks */,
			);
			runOnlyForDeploymentPostprocessing = 0;
		};
/* End PBXFrameworksBuildPhase section */

/* Begin PBXGroup section */
		1101C6DD2242AF07007C4F26 = {
			isa = PBXGroup;
			children = (
				115BC786227717FB00E5892E /* Config */,
				115BC77F2276F41200E5892E /* ModelControllers */,
				115BC77B2276F3B000E5892E /* ViewCells */,
				115BC7722276F37400E5892E /* ViewControllers */,
				1101C6E82242AF07007C4F26 /* App7RememberAll */,
				111F3FA322A17F550054F550 /* App7RememberAllTests */,
				1101C6E72242AF07007C4F26 /* Products */,
				111F3FB122A519A00054F550 /* Frameworks */,
			);
			sourceTree = "<group>";
		};
		1101C6E72242AF07007C4F26 /* Products */ = {
			isa = PBXGroup;
			children = (
				1101C6E62242AF07007C4F26 /* App7RememberAll.app */,
				111F3FA222A17F550054F550 /* App7RememberAllTests.xctest */,
			);
			name = Products;
			sourceTree = "<group>";
		};
		1101C6E82242AF07007C4F26 /* App7RememberAll */ = {
			isa = PBXGroup;
			children = (
				1101C6E92242AF07007C4F26 /* AppDelegate.h */,
				1101C6EA2242AF07007C4F26 /* AppDelegate.m */,
				1101C6F52242AF08007C4F26 /* Assets.xcassets */,
				1101C6F72242AF08007C4F26 /* LaunchScreen.storyboard */,
				1101C6FA2242AF08007C4F26 /* Info.plist */,
				1101C6FB2242AF08007C4F26 /* main.m */,
				1101C6F22242AF07007C4F26 /* App7RememberAll.xcdatamodeld */,
				1193510E22942C0D002AA10D /* ASRUtils.h */,
				1193511322944E5E002AA10D /* ASRUtils.m */,
				119351182296E23C002AA10D /* response.h */,
			);
			path = App7RememberAll;
			sourceTree = "<group>";
		};
		111F3FA322A17F550054F550 /* App7RememberAllTests */ = {
			isa = PBXGroup;
			children = (
				111F3FA622A17F550054F550 /* Info.plist */,
				111F3FAD22A183BD0054F550 /* ASRDataManagerTests.m */,
				111F3FAF22A184370054F550 /* ASRGalleryViewControllerTests.m */,
				11BEFEE422A6D3B9005718CE /* ASRMockURLProtocol.h */,
				11BEFEE522A6D3B9005718CE /* ASRMockURLProtocol.m */,
				B2125FF727BFB888A0872F6A /* ASRPreviewViewControllerTests.m */,
			);
			path = App7RememberAllTests;
			sourceTree = "<group>";
		};
		111F3FB122A519A00054F550 /* Frameworks */ = {
			isa = PBXGroup;
			children = (
				11BEFEE222A59EE9005718CE /* libOCMock.a */,
			);
			name = Frameworks;
			sourceTree = "<group>";
		};
		115BC7722276F37400E5892E /* ViewControllers */ = {
			isa = PBXGroup;
			children = (
				B212511688BBA2D84684B4B6 /* ASRGalleryViewController.h */,
				B212513A24870D9AF46AEF1D /* ASRGalleryViewController.m */,
				B21255EE1F4D9DBEB8949785 /* ASRPreviewViewController.h */,
				B2125B3111A9EFBB2C89153C /* ASRPreviewViewController.m */,
			);
			name = ViewControllers;
			path = App7RememberAll;
			sourceTree = "<group>";
		};
		115BC77B2276F3B000E5892E /* ViewCells */ = {
			isa = PBXGroup;
			children = (
				B21259A3B5E75E045245D060 /* ASRItemViewCell.m */,
				B2125949F29ACF34C3A1D204 /* ASRItemViewCell.h */,
			);
			name = ViewCells;
			path = App7RememberAll;
			sourceTree = "<group>";
		};
		115BC77F2276F41200E5892E /* ModelControllers */ = {
			isa = PBXGroup;
			children = (
				B212504D254CBC60A62E233E /* ASRDataManager.h */,
				B21253095397F59FB46406E3 /* ASRDataManager.m */,
			);
			name = ModelControllers;
			path = App7RememberAll;
			sourceTree = "<group>";
		};
		115BC786227717FB00E5892E /* Config */ = {
			isa = PBXGroup;
			children = (
				B2125AC95DDBB29D03CD9CEB /* Config.h */,
			);
			name = Config;
			path = App7RememberAll;
			sourceTree = "<group>";
		};
/* End PBXGroup section */

/* Begin PBXNativeTarget section */
		1101C6E52242AF07007C4F26 /* App7RememberAll */ = {
			isa = PBXNativeTarget;
			buildConfigurationList = 1101C6FF2242AF09007C4F26 /* Build configuration list for PBXNativeTarget "App7RememberAll" */;
			buildPhases = (
				1101C6E22242AF07007C4F26 /* Sources */,
				1101C6E32242AF07007C4F26 /* Frameworks */,
				1101C6E42242AF07007C4F26 /* Resources */,
			);
			buildRules = (
			);
			dependencies = (
			);
			name = App7RememberAll;
			productName = App7RememberAll;
			productReference = 1101C6E62242AF07007C4F26 /* App7RememberAll.app */;
			productType = "com.apple.product-type.application";
		};
		111F3FA122A17F550054F550 /* App7RememberAllTests */ = {
			isa = PBXNativeTarget;
			buildConfigurationList = 111F3FA922A17F550054F550 /* Build configuration list for PBXNativeTarget "App7RememberAllTests" */;
			buildPhases = (
				111F3F9E22A17F550054F550 /* Sources */,
				111F3F9F22A17F550054F550 /* Frameworks */,
				111F3FA022A17F550054F550 /* Resources */,
			);
			buildRules = (
			);
			dependencies = (
				111F3FA822A17F550054F550 /* PBXTargetDependency */,
			);
			name = App7RememberAllTests;
			productName = App7RememberAllTests;
			productReference = 111F3FA222A17F550054F550 /* App7RememberAllTests.xctest */;
			productType = "com.apple.product-type.bundle.unit-test";
		};
/* End PBXNativeTarget section */

/* Begin PBXProject section */
		1101C6DE2242AF07007C4F26 /* Project object */ = {
			isa = PBXProject;
			attributes = {
				CLASSPREFIX = ASR;
				LastUpgradeCheck = 1010;
				ORGANIZATIONNAME = Alexander;
				TargetAttributes = {
					1101C6E52242AF07007C4F26 = {
						CreatedOnToolsVersion = 10.1;
					};
					111F3FA122A17F550054F550 = {
						CreatedOnToolsVersion = 10.2.1;
						TestTargetID = 1101C6E52242AF07007C4F26;
					};
				};
			};
			buildConfigurationList = 1101C6E12242AF07007C4F26 /* Build configuration list for PBXProject "App7RememberAll" */;
			compatibilityVersion = "Xcode 9.3";
			developmentRegion = en;
			hasScannedForEncodings = 0;
			knownRegions = (
				en,
				Base,
			);
			mainGroup = 1101C6DD2242AF07007C4F26;
			productRefGroup = 1101C6E72242AF07007C4F26 /* Products */;
			projectDirPath = "";
			projectRoot = "";
			targets = (
				1101C6E52242AF07007C4F26 /* App7RememberAll */,
				111F3FA122A17F550054F550 /* App7RememberAllTests */,
			);
		};
/* End PBXProject section */

/* Begin PBXResourcesBuildPhase section */
		1101C6E42242AF07007C4F26 /* Resources */ = {
			isa = PBXResourcesBuildPhase;
			buildActionMask = 2147483647;
			files = (
				1101C6F92242AF08007C4F26 /* LaunchScreen.storyboard in Resources */,
				1101C6F62242AF08007C4F26 /* Assets.xcassets in Resources */,
			);
			runOnlyForDeploymentPostprocessing = 0;
		};
		111F3FA022A17F550054F550 /* Resources */ = {
			isa = PBXResourcesBuildPhase;
			buildActionMask = 2147483647;
			files = (
			);
			runOnlyForDeploymentPostprocessing = 0;
		};
/* End PBXResourcesBuildPhase section */

/* Begin PBXSourcesBuildPhase section */
		1101C6E22242AF07007C4F26 /* Sources */ = {
			isa = PBXSourcesBuildPhase;
			buildActionMask = 2147483647;
			files = (
				1193511422944E5E002AA10D /* ASRUtils.m in Sources */,
				1101C6F42242AF07007C4F26 /* App7RememberAll.xcdatamodeld in Sources */,
				1101C6FC2242AF08007C4F26 /* main.m in Sources */,
				1101C6EB2242AF07007C4F26 /* AppDelegate.m in Sources */,
				B2125B0D15B24769F1813832 /* ASRItemViewCell.m in Sources */,
				B21250298E5238D21229FB96 /* ASRDataManager.m in Sources */,
				B2125DC97BC419030826142B /* ASRGalleryViewController.m in Sources */,
				B2125A7002FAD4F575BBE26C /* ASRPreviewViewController.m in Sources */,
			);
			runOnlyForDeploymentPostprocessing = 0;
		};
		111F3F9E22A17F550054F550 /* Sources */ = {
			isa = PBXSourcesBuildPhase;
			buildActionMask = 2147483647;
			files = (
				11BEFEE622A6D3B9005718CE /* ASRMockURLProtocol.m in Sources */,
				111F3FB022A184380054F550 /* ASRGalleryViewControllerTests.m in Sources */,
				111F3FAE22A183BD0054F550 /* ASRDataManagerTests.m in Sources */,
				B212577C4AF07F1B960E3866 /* ASRPreviewViewControllerTests.m in Sources */,
			);
			runOnlyForDeploymentPostprocessing = 0;
		};
/* End PBXSourcesBuildPhase section */

/* Begin PBXTargetDependency section */
		111F3FA822A17F550054F550 /* PBXTargetDependency */ = {
			isa = PBXTargetDependency;
			target = 1101C6E52242AF07007C4F26 /* App7RememberAll */;
			targetProxy = 111F3FA722A17F550054F550 /* PBXContainerItemProxy */;
		};
/* End PBXTargetDependency section */

/* Begin PBXVariantGroup section */
		1101C6F72242AF08007C4F26 /* LaunchScreen.storyboard */ = {
			isa = PBXVariantGroup;
			children = (
				1101C6F82242AF08007C4F26 /* Base */,
			);
			name = LaunchScreen.storyboard;
			sourceTree = "<group>";
		};
/* End PBXVariantGroup section */

/* Begin XCBuildConfiguration section */
		1101C6FD2242AF09007C4F26 /* Debug */ = {
			isa = XCBuildConfiguration;
			buildSettings = {
				ALWAYS_SEARCH_USER_PATHS = NO;
				CLANG_ANALYZER_NONNULL = YES;
				CLANG_ANALYZER_NUMBER_OBJECT_CONVERSION = YES_AGGRESSIVE;
				CLANG_CXX_LANGUAGE_STANDARD = "gnu++14";
				CLANG_CXX_LIBRARY = "libc++";
				CLANG_ENABLE_MODULES = YES;
				CLANG_ENABLE_OBJC_ARC = YES;
				CLANG_ENABLE_OBJC_WEAK = YES;
				CLANG_WARN_BLOCK_CAPTURE_AUTORELEASING = YES;
				CLANG_WARN_BOOL_CONVERSION = YES;
				CLANG_WARN_COMMA = YES;
				CLANG_WARN_CONSTANT_CONVERSION = YES;
				CLANG_WARN_DEPRECATED_OBJC_IMPLEMENTATIONS = YES;
				CLANG_WARN_DIRECT_OBJC_ISA_USAGE = YES_ERROR;
				CLANG_WARN_DOCUMENTATION_COMMENTS = YES;
				CLANG_WARN_EMPTY_BODY = YES;
				CLANG_WARN_ENUM_CONVERSION = YES;
				CLANG_WARN_INFINITE_RECURSION = YES;
				CLANG_WARN_INT_CONVERSION = YES;
				CLANG_WARN_NON_LITERAL_NULL_CONVERSION = YES;
				CLANG_WARN_OBJC_IMPLICIT_RETAIN_SELF = YES;
				CLANG_WARN_OBJC_LITERAL_CONVERSION = YES;
				CLANG_WARN_OBJC_ROOT_CLASS = YES_ERROR;
				CLANG_WARN_RANGE_LOOP_ANALYSIS = YES;
				CLANG_WARN_STRICT_PROTOTYPES = YES;
				CLANG_WARN_SUSPICIOUS_MOVE = YES;
				CLANG_WARN_UNGUARDED_AVAILABILITY = YES_AGGRESSIVE;
				CLANG_WARN_UNREACHABLE_CODE = YES;
				CLANG_WARN__DUPLICATE_METHOD_MATCH = YES;
				CODE_SIGN_IDENTITY = "iPhone Developer";
				COPY_PHASE_STRIP = NO;
				DEBUG_INFORMATION_FORMAT = dwarf;
				ENABLE_STRICT_OBJC_MSGSEND = YES;
				ENABLE_TESTABILITY = YES;
				GCC_C_LANGUAGE_STANDARD = gnu11;
				GCC_DYNAMIC_NO_PIC = NO;
				GCC_NO_COMMON_BLOCKS = YES;
				GCC_OPTIMIZATION_LEVEL = 0;
				GCC_PREPROCESSOR_DEFINITIONS = (
					"DEBUG=1",
					"$(inherited)",
				);
				GCC_WARN_64_TO_32_BIT_CONVERSION = YES;
				GCC_WARN_ABOUT_RETURN_TYPE = YES_ERROR;
				GCC_WARN_UNDECLARED_SELECTOR = YES;
				GCC_WARN_UNINITIALIZED_AUTOS = YES_AGGRESSIVE;
				GCC_WARN_UNUSED_FUNCTION = YES;
				GCC_WARN_UNUSED_VARIABLE = YES;
				IPHONEOS_DEPLOYMENT_TARGET = 12.1;
				MTL_ENABLE_DEBUG_INFO = INCLUDE_SOURCE;
				MTL_FAST_MATH = YES;
				ONLY_ACTIVE_ARCH = YES;
				SDKROOT = iphoneos;
			};
			name = Debug;
		};
		1101C6FE2242AF09007C4F26 /* Release */ = {
			isa = XCBuildConfiguration;
			buildSettings = {
				ALWAYS_SEARCH_USER_PATHS = NO;
				CLANG_ANALYZER_NONNULL = YES;
				CLANG_ANALYZER_NUMBER_OBJECT_CONVERSION = YES_AGGRESSIVE;
				CLANG_CXX_LANGUAGE_STANDARD = "gnu++14";
				CLANG_CXX_LIBRARY = "libc++";
				CLANG_ENABLE_MODULES = YES;
				CLANG_ENABLE_OBJC_ARC = YES;
				CLANG_ENABLE_OBJC_WEAK = YES;
				CLANG_WARN_BLOCK_CAPTURE_AUTORELEASING = YES;
				CLANG_WARN_BOOL_CONVERSION = YES;
				CLANG_WARN_COMMA = YES;
				CLANG_WARN_CONSTANT_CONVERSION = YES;
				CLANG_WARN_DEPRECATED_OBJC_IMPLEMENTATIONS = YES;
				CLANG_WARN_DIRECT_OBJC_ISA_USAGE = YES_ERROR;
				CLANG_WARN_DOCUMENTATION_COMMENTS = YES;
				CLANG_WARN_EMPTY_BODY = YES;
				CLANG_WARN_ENUM_CONVERSION = YES;
				CLANG_WARN_INFINITE_RECURSION = YES;
				CLANG_WARN_INT_CONVERSION = YES;
				CLANG_WARN_NON_LITERAL_NULL_CONVERSION = YES;
				CLANG_WARN_OBJC_IMPLICIT_RETAIN_SELF = YES;
				CLANG_WARN_OBJC_LITERAL_CONVERSION = YES;
				CLANG_WARN_OBJC_ROOT_CLASS = YES_ERROR;
				CLANG_WARN_RANGE_LOOP_ANALYSIS = YES;
				CLANG_WARN_STRICT_PROTOTYPES = YES;
				CLANG_WARN_SUSPICIOUS_MOVE = YES;
				CLANG_WARN_UNGUARDED_AVAILABILITY = YES_AGGRESSIVE;
				CLANG_WARN_UNREACHABLE_CODE = YES;
				CLANG_WARN__DUPLICATE_METHOD_MATCH = YES;
				CODE_SIGN_IDENTITY = "iPhone Developer";
				COPY_PHASE_STRIP = NO;
				DEBUG_INFORMATION_FORMAT = "dwarf-with-dsym";
				ENABLE_NS_ASSERTIONS = NO;
				ENABLE_STRICT_OBJC_MSGSEND = YES;
				GCC_C_LANGUAGE_STANDARD = gnu11;
				GCC_NO_COMMON_BLOCKS = YES;
				GCC_WARN_64_TO_32_BIT_CONVERSION = YES;
				GCC_WARN_ABOUT_RETURN_TYPE = YES_ERROR;
				GCC_WARN_UNDECLARED_SELECTOR = YES;
				GCC_WARN_UNINITIALIZED_AUTOS = YES_AGGRESSIVE;
				GCC_WARN_UNUSED_FUNCTION = YES;
				GCC_WARN_UNUSED_VARIABLE = YES;
				IPHONEOS_DEPLOYMENT_TARGET = 12.1;
				MTL_ENABLE_DEBUG_INFO = NO;
				MTL_FAST_MATH = YES;
				SDKROOT = iphoneos;
				VALIDATE_PRODUCT = YES;
			};
			name = Release;
		};
		1101C7002242AF09007C4F26 /* Debug */ = {
			isa = XCBuildConfiguration;
			buildSettings = {
				ASSETCATALOG_COMPILER_APPICON_NAME = AppIcon;
				CODE_SIGN_STYLE = Automatic;
				DEVELOPMENT_TEAM = 4Y7DM4KHSY;
				FRAMEWORK_SEARCH_PATHS = (
					"$(inherited)",
					"$(PROJECT_DIR)/Carthage/Build/iOS",
				);
				INFOPLIST_FILE = App7RememberAll/Info.plist;
				IPHONEOS_DEPLOYMENT_TARGET = 11.0;
				LD_RUNPATH_SEARCH_PATHS = (
					"$(inherited)",
					"@executable_path/Frameworks",
				);
				LIBRARY_SEARCH_PATHS = (
					"$(inherited)",
					"$(PROJECT_DIR)/Carthage/Build/iOS/Alamofire.framework",
					"$(PROJECT_DIR)/Carthage/Build/iOS/AlamofireImage.framework",
				);
				PRODUCT_BUNDLE_IDENTIFIER = sanns.App7RememberAll;
				PRODUCT_NAME = "$(TARGET_NAME)";
				TARGETED_DEVICE_FAMILY = "1,2";
			};
			name = Debug;
		};
		1101C7012242AF09007C4F26 /* Release */ = {
			isa = XCBuildConfiguration;
			buildSettings = {
				ASSETCATALOG_COMPILER_APPICON_NAME = AppIcon;
				CODE_SIGN_STYLE = Automatic;
				DEVELOPMENT_TEAM = 4Y7DM4KHSY;
				FRAMEWORK_SEARCH_PATHS = (
					"$(inherited)",
					"$(PROJECT_DIR)/Carthage/Build/iOS",
				);
				INFOPLIST_FILE = App7RememberAll/Info.plist;
				IPHONEOS_DEPLOYMENT_TARGET = 11.0;
				LD_RUNPATH_SEARCH_PATHS = (
					"$(inherited)",
					"@executable_path/Frameworks",
				);
				LIBRARY_SEARCH_PATHS = (
					"$(inherited)",
					"$(PROJECT_DIR)/Carthage/Build/iOS/Alamofire.framework",
					"$(PROJECT_DIR)/Carthage/Build/iOS/AlamofireImage.framework",
				);
				PRODUCT_BUNDLE_IDENTIFIER = sanns.App7RememberAll;
				PRODUCT_NAME = "$(TARGET_NAME)";
				TARGETED_DEVICE_FAMILY = "1,2";
			};
			name = Release;
		};
		111F3FAA22A17F550054F550 /* Debug */ = {
			isa = XCBuildConfiguration;
			buildSettings = {
				BUNDLE_LOADER = "$(TEST_HOST)";
				CODE_SIGN_STYLE = Automatic;
				DEVELOPMENT_TEAM = 4Y7DM4KHSY;
				FRAMEWORK_SEARCH_PATHS = (
					"$(inherited)",
					"$(PROJECT_DIR)",
					"$(PROJECT_DIR)/Carthage/Build/iOS",
				);
				HEADER_SEARCH_PATHS = (
					"$(PROJECT_DIR)/OCMock/",
					"\"$(SRCROOT)/OCMock/iOS library/\"",
				);
				INFOPLIST_FILE = App7RememberAllTests/Info.plist;
				IPHONEOS_DEPLOYMENT_TARGET = 12.2;
				LD_RUNPATH_SEARCH_PATHS = (
					"$(inherited)",
					"@executable_path/Frameworks",
					"@loader_path/Frameworks",
				);
				LIBRARY_SEARCH_PATHS = (
					"$(inherited)",
					"$(PROJECT_DIR)/OCMock/iOS\\ library",
				);
				OTHER_LDFLAGS = "-ObjC";
				PRODUCT_BUNDLE_IDENTIFIER = sanns.App7RememberAllTests;
				PRODUCT_NAME = "$(TARGET_NAME)";
				TARGETED_DEVICE_FAMILY = "1,2";
				TEST_HOST = "$(BUILT_PRODUCTS_DIR)/App7RememberAll.app/App7RememberAll";
			};
			name = Debug;
		};
		111F3FAB22A17F550054F550 /* Release */ = {
			isa = XCBuildConfiguration;
			buildSettings = {
				BUNDLE_LOADER = "$(TEST_HOST)";
				CODE_SIGN_STYLE = Automatic;
				DEVELOPMENT_TEAM = 4Y7DM4KHSY;
				FRAMEWORK_SEARCH_PATHS = (
					"$(inherited)",
					"$(PROJECT_DIR)",
					"$(PROJECT_DIR)/Carthage/Build/iOS",
				);
				HEADER_SEARCH_PATHS = (
					"$(PROJECT_DIR)/OCMock/",
					"\"$(SRCROOT)/OCMock/iOS library/\"",
				);
				INFOPLIST_FILE = App7RememberAllTests/Info.plist;
				IPHONEOS_DEPLOYMENT_TARGET = 12.2;
				LD_RUNPATH_SEARCH_PATHS = (
					"$(inherited)",
					"@executable_path/Frameworks",
					"@loader_path/Frameworks",
				);
				LIBRARY_SEARCH_PATHS = (
					"$(inherited)",
					"$(PROJECT_DIR)/OCMock/iOS\\ library",
				);
				OTHER_LDFLAGS = "-ObjC";
				PRODUCT_BUNDLE_IDENTIFIER = sanns.App7RememberAllTests;
				PRODUCT_NAME = "$(TARGET_NAME)";
				TARGETED_DEVICE_FAMILY = "1,2";
				TEST_HOST = "$(BUILT_PRODUCTS_DIR)/App7RememberAll.app/App7RememberAll";
			};
			name = Release;
		};
/* End XCBuildConfiguration section */

/* Begin XCConfigurationList section */
		1101C6E12242AF07007C4F26 /* Build configuration list for PBXProject "App7RememberAll" */ = {
			isa = XCConfigurationList;
			buildConfigurations = (
				1101C6FD2242AF09007C4F26 /* Debug */,
				1101C6FE2242AF09007C4F26 /* Release */,
			);
			defaultConfigurationIsVisible = 0;
			defaultConfigurationName = Release;
		};
		1101C6FF2242AF09007C4F26 /* Build configuration list for PBXNativeTarget "App7RememberAll" */ = {
			isa = XCConfigurationList;
			buildConfigurations = (
				1101C7002242AF09007C4F26 /* Debug */,
				1101C7012242AF09007C4F26 /* Release */,
			);
			defaultConfigurationIsVisible = 0;
			defaultConfigurationName = Release;
		};
		111F3FA922A17F550054F550 /* Build configuration list for PBXNativeTarget "App7RememberAllTests" */ = {
			isa = XCConfigurationList;
			buildConfigurations = (
				111F3FAA22A17F550054F550 /* Debug */,
				111F3FAB22A17F550054F550 /* Release */,
			);
			defaultConfigurationIsVisible = 0;
			defaultConfigurationName = Release;
		};
/* End XCConfigurationList section */

/* Begin XCVersionGroup section */
		1101C6F22242AF07007C4F26 /* App7RememberAll.xcdatamodeld */ = {
			isa = XCVersionGroup;
			children = (
				1101C6F32242AF07007C4F26 /* App7RememberAll.xcdatamodel */,
			);
			currentVersion = 1101C6F32242AF07007C4F26 /* App7RememberAll.xcdatamodel */;
			path = App7RememberAll.xcdatamodeld;
			sourceTree = "<group>";
			versionGroupType = wrapper.xcdatamodel;
		};
/* End XCVersionGroup section */
	};
	rootObject = 1101C6DE2242AF07007C4F26 /* Project object */;
}
